
Microsoft Visual Studio Solution File, Format Version 12.00
# Visual Studio Version 17
VisualStudioVersion = 17.11.35222.181
MinimumVisualStudioVersion = 10.0.40219.1
Project("{FAE04EC0-301F-11D3-BF4B-00C04F79EFBC}") = "CabinFromEsc", "CabinFromEsc\CabinFromEsc.csproj", "{E3E30776-788E-4A37-A671-9AC54427062D}"
EndProject
Global
	GlobalSection(SolutionConfigurationPlatforms) = preSolution
		Debug|Any CPU = Debug|Any CPU
		Release|Any CPU = Release|Any CPU
	EndGlobalSection
	GlobalSection(ProjectConfigurationPlatforms) = postSolution
		{E3E30776-788E-4A37-A671-9AC54427062D}.Debug|Any CPU.ActiveCfg = Debug|Any CPU
		{E3E30776-788E-4A37-A671-9AC54427062D}.Debug|Any CPU.Build.0 = Debug|Any CPU
		{E3E30776-788E-4A37-A671-9AC54427062D}.Release|Any CPU.ActiveCfg = Release|Any CPU
		{E3E30776-788E-4A37-A671-9AC54427062D}.Release|Any CPU.Build.0 = Release|Any CPU
	EndGlobalSection
	GlobalSection(SolutionProperties) = preSolution
		HideSolutionNode = FALSE
	EndGlobalSection
	GlobalSection(ExtensibilityGlobals) = postSolution
		SolutionGuid = {5C96B347-C0BC-43C2-82B1-3549974FC535}
	EndGlobalSection
EndGlobal
